// !$*UTF8*$!
{
	archiveVersion = 1;
	classes = {
	};
	objectVersion = 46;
	objects = {

/* Begin PBXBuildFile section */
		7F371A4E1B521E1800C4869F /* AppDelegate.swift in Sources */ = {isa = PBXBuildFile; fileRef = 7F371A4D1B521E1800C4869F /* AppDelegate.swift */; };
		7F371A501B521E1800C4869F /* ViewController.swift in Sources */ = {isa = PBXBuildFile; fileRef = 7F371A4F1B521E1800C4869F /* ViewController.swift */; };
		7F371A531B521E1800C4869F /* Main.storyboard in Resources */ = {isa = PBXBuildFile; fileRef = 7F371A511B521E1800C4869F /* Main.storyboard */; };
		7F371A551B521E1800C4869F /* Images.xcassets in Resources */ = {isa = PBXBuildFile; fileRef = 7F371A541B521E1800C4869F /* Images.xcassets */; };
		7F371A581B521E1800C4869F /* LaunchScreen.xib in Resources */ = {isa = PBXBuildFile; fileRef = 7F371A561B521E1800C4869F /* LaunchScreen.xib */; };
		7F371A641B521E1900C4869F /* SAMTests.swift in Sources */ = {isa = PBXBuildFile; fileRef = 7F371A631B521E1900C4869F /* SAMTests.swift */; };
/* End PBXBuildFile section */

/* Begin PBXContainerItemProxy section */
		7F371A5E1B521E1900C4869F /* PBXContainerItemProxy */ = {
			isa = PBXContainerItemProxy;
			containerPortal = 7F371A401B521E1800C4869F /* Project object */;
			proxyType = 1;
			remoteGlobalIDString = 7F371A471B521E1800C4869F;
			remoteInfo = SAM;
		};
/* End PBXContainerItemProxy section */

/* Begin PBXFileReference section */
		7F371A481B521E1800C4869F /* SAM.app */ = {isa = PBXFileReference; explicitFileType = wrapper.application; includeInIndex = 0; path = SAM.app; sourceTree = BUILT_PRODUCTS_DIR; };
		7F371A4C1B521E1800C4869F /* Info.plist */ = {isa = PBXFileReference; lastKnownFileType = text.plist.xml; path = Info.plist; sourceTree = "<group>"; };
		7F371A4D1B521E1800C4869F /* AppDelegate.swift */ = {isa = PBXFileReference; lastKnownFileType = sourcecode.swift; path = AppDelegate.swift; sourceTree = "<group>"; };
		7F371A4F1B521E1800C4869F /* ViewController.swift */ = {isa = PBXFileReference; lastKnownFileType = sourcecode.swift; path = ViewController.swift; sourceTree = "<group>"; };
		7F371A521B521E1800C4869F /* Base */ = {isa = PBXFileReference; lastKnownFileType = file.storyboard; name = Base; path = Base.lproj/Main.storyboard; sourceTree = "<group>"; };
		7F371A541B521E1800C4869F /* Images.xcassets */ = {isa = PBXFileReference; lastKnownFileType = folder.assetcatalog; path = Images.xcassets; sourceTree = "<group>"; };
		7F371A571B521E1800C4869F /* Base */ = {isa = PBXFileReference; lastKnownFileType = file.xib; name = Base; path = Base.lproj/LaunchScreen.xib; sourceTree = "<group>"; };
		7F371A5D1B521E1900C4869F /* SAMTests.xctest */ = {isa = PBXFileReference; explicitFileType = wrapper.cfbundle; includeInIndex = 0; path = SAMTests.xctest; sourceTree = BUILT_PRODUCTS_DIR; };
		7F371A621B521E1900C4869F /* Info.plist */ = {isa = PBXFileReference; lastKnownFileType = text.plist.xml; path = Info.plist; sourceTree = "<group>"; };
		7F371A631B521E1900C4869F /* SAMTests.swift */ = {isa = PBXFileReference; lastKnownFileType = sourcecode.swift; path = SAMTests.swift; sourceTree = "<group>"; };
/* End PBXFileReference section */

/* Begin PBXFrameworksBuildPhase section */
		7F371A451B521E1800C4869F /* Frameworks */ = {
			isa = PBXFrameworksBuildPhase;
			buildActionMask = 2147483647;
			files = (
			);
			runOnlyForDeploymentPostprocessing = 0;
		};
		7F371A5A1B521E1900C4869F /* Frameworks */ = {
			isa = PBXFrameworksBuildPhase;
			buildActionMask = 2147483647;
			files = (
			);
			runOnlyForDeploymentPostprocessing = 0;
		};
/* End PBXFrameworksBuildPhase section */

/* Begin PBXGroup section */
		7F371A3F1B521E1800C4869F = {
			isa = PBXGroup;
			children = (
				7F371A4A1B521E1800C4869F /* SAM */,
				7F371A601B521E1900C4869F /* SAMTests */,
				7F371A491B521E1800C4869F /* Products */,
			);
			sourceTree = "<group>";
		};
		7F371A491B521E1800C4869F /* Products */ = {
			isa = PBXGroup;
			children = (
				7F371A481B521E1800C4869F /* SAM.app */,
				7F371A5D1B521E1900C4869F /* SAMTests.xctest */,
			);
			name = Products;
			sourceTree = "<group>";
		};
		7F371A4A1B521E1800C4869F /* SAM */ = {
			isa = PBXGroup;
			children = (
				7F371A4D1B521E1800C4869F /* AppDelegate.swift */,
				7F371A4F1B521E1800C4869F /* ViewController.swift */,
				7F371A511B521E1800C4869F /* Main.storyboard */,
				7F371A541B521E1800C4869F /* Images.xcassets */,
				7F371A561B521E1800C4869F /* LaunchScreen.xib */,
				7F371A4B1B521E1800C4869F /* Supporting Files */,
			);
			path = SAM;
			sourceTree = "<group>";
		};
		7F371A4B1B521E1800C4869F /* Supporting Files */ = {
			isa = PBXGroup;
			children = (
				7F371A4C1B521E1800C4869F /* Info.plist */,
			);
			name = "Supporting Files";
			sourceTree = "<group>";
		};
		7F371A601B521E1900C4869F /* SAMTests */ = {
			isa = PBXGroup;
			children = (
				7F371A631B521E1900C4869F /* SAMTests.swift */,
				7F371A611B521E1900C4869F /* Supporting Files */,
			);
			path = SAMTests;
			sourceTree = "<group>";
		};
		7F371A611B521E1900C4869F /* Supporting Files */ = {
			isa = PBXGroup;
			children = (
				7F371A621B521E1900C4869F /* Info.plist */,
			);
			name = "Supporting Files";
			sourceTree = "<group>";
		};
/* End PBXGroup section */

/* Begin PBXNativeTarget section */
		7F371A471B521E1800C4869F /* SAM */ = {
			isa = PBXNativeTarget;
			buildConfigurationList = 7F371A671B521E1900C4869F /* Build configuration list for PBXNativeTarget "SAM" */;
			buildPhases = (
				7F371A441B521E1800C4869F /* Sources */,
				7F371A451B521E1800C4869F /* Frameworks */,
				7F371A461B521E1800C4869F /* Resources */,
			);
			buildRules = (
			);
			dependencies = (
			);
			name = SAM;
			productName = SAM;
			productReference = 7F371A481B521E1800C4869F /* SAM.app */;
			productType = "com.apple.product-type.application";
		};
		7F371A5C1B521E1900C4869F /* SAMTests */ = {
			isa = PBXNativeTarget;
			buildConfigurationList = 7F371A6A1B521E1900C4869F /* Build configuration list for PBXNativeTarget "SAMTests" */;
			buildPhases = (
				7F371A591B521E1900C4869F /* Sources */,
				7F371A5A1B521E1900C4869F /* Frameworks */,
				7F371A5B1B521E1900C4869F /* Resources */,
			);
			buildRules = (
			);
			dependencies = (
				7F371A5F1B521E1900C4869F /* PBXTargetDependency */,
			);
			name = SAMTests;
			productName = SAMTests;
			productReference = 7F371A5D1B521E1900C4869F /* SAMTests.xctest */;
			productType = "com.apple.product-type.bundle.unit-test";
		};
/* End PBXNativeTarget section */

/* Begin PBXProject section */
		7F371A401B521E1800C4869F /* Project object */ = {
			isa = PBXProject;
			attributes = {
				LastUpgradeCheck = 0640;
				ORGANIZATIONNAME = "Marcos Garcia";
				TargetAttributes = {
					7F371A471B521E1800C4869F = {
						CreatedOnToolsVersion = 6.4;
					};
					7F371A5C1B521E1900C4869F = {
						CreatedOnToolsVersion = 6.4;
						TestTargetID = 7F371A471B521E1800C4869F;
					};
				};
			};
			buildConfigurationList = 7F371A431B521E1800C4869F /* Build configuration list for PBXProject "SAM" */;
			compatibilityVersion = "Xcode 3.2";
			developmentRegion = English;
			hasScannedForEncodings = 0;
			knownRegions = (
				en,
				Base,
			);
			mainGroup = 7F371A3F1B521E1800C4869F;
			productRefGroup = 7F371A491B521E1800C4869F /* Products */;
			projectDirPath = "";
			projectRoot = "";
			targets = (
				7F371A471B521E1800C4869F /* SAM */,
				7F371A5C1B521E1900C4869F /* SAMTests */,
			);
		};
/* End PBXProject section */

/* Begin PBXResourcesBuildPhase section */
		7F371A461B521E1800C4869F /* Resources */ = {
			isa = PBXResourcesBuildPhase;
			buildActionMask = 2147483647;
			files = (
				7F371A531B521E1800C4869F /* Main.storyboard in Resources */,
				7F371A581B521E1800C4869F /* LaunchScreen.xib in Resources */,
				7F371A551B521E1800C4869F /* Images.xcassets in Resources */,
			);
			runOnlyForDeploymentPostprocessing = 0;
		};
		7F371A5B1B521E1900C4869F /* Resources */ = {
			isa = PBXResourcesBuildPhase;
			buildActionMask = 2147483647;
			files = (
			);
			runOnlyForDeploymentPostprocessing = 0;
		};
/* End PBXResourcesBuildPhase section */

/* Begin PBXSourcesBuildPhase section */
		7F371A441B521E1800C4869F /* Sources */ = {
			isa = PBXSourcesBuildPhase;
			buildActionMask = 2147483647;
			files = (
				7F371A501B521E1800C4869F /* ViewController.swift in Sources */,
				7F371A4E1B521E1800C4869F /* AppDelegate.swift in Sources */,
			);
			runOnlyForDeploymentPostprocessing = 0;
		};
		7F371A591B521E1900C4869F /* Sources */ = {
			isa = PBXSourcesBuildPhase;
			buildActionMask = 2147483647;
			files = (
				7F371A641B521E1900C4869F /* SAMTests.swift in Sources */,
			);
			runOnlyForDeploymentPostprocessing = 0;
		};
/* End PBXSourcesBuildPhase section */

/* Begin PBXTargetDependency section */
		7F371A5F1B521E1900C4869F /* PBXTargetDependency */ = {
			isa = PBXTargetDependency;
			target = 7F371A471B521E1800C4869F /* SAM */;
			targetProxy = 7F371A5E1B521E1900C4869F /* PBXContainerItemProxy */;
		};
/* End PBXTargetDependency section */

/* Begin PBXVariantGroup section */
		7F371A511B521E1800C4869F /* Main.storyboard */ = {
			isa = PBXVariantGroup;
			children = (
				7F371A521B521E1800C4869F /* Base */,
			);
			name = Main.storyboard;
			sourceTree = "<group>";
		};
		7F371A561B521E1800C4869F /* LaunchScreen.xib */ = {
			isa = PBXVariantGroup;
			children = (
				7F371A571B521E1800C4869F /* Base */,
			);
			name = LaunchScreen.xib;
			sourceTree = "<group>";
		};
/* End PBXVariantGroup section */

/* Begin XCBuildConfiguration section */
		7F371A651B521E1900C4869F /* Debug */ = {
			isa = XCBuildConfiguration;
			buildSettings = {
				ALWAYS_SEARCH_USER_PATHS = NO;
				CLANG_CXX_LANGUAGE_STANDARD = "gnu++0x";
				CLANG_CXX_LIBRARY = "libc++";
				CLANG_ENABLE_MODULES = YES;
				CLANG_ENABLE_OBJC_ARC = YES;
				CLANG_WARN_BOOL_CONVERSION = YES;
				CLANG_WARN_CONSTANT_CONVERSION = YES;
				CLANG_WARN_DIRECT_OBJC_ISA_USAGE = YES_ERROR;
				CLANG_WARN_EMPTY_BODY = YES;
				CLANG_WARN_ENUM_CONVERSION = YES;
				CLANG_WARN_INT_CONVERSION = YES;
				CLANG_WARN_OBJC_ROOT_CLASS = YES_ERROR;
				CLANG_WARN_UNREACHABLE_CODE = YES;
				CLANG_WARN__DUPLICATE_METHOD_MATCH = YES;
				"CODE_SIGN_IDENTITY[sdk=iphoneos*]" = "iPhone Developer";
				COPY_PHASE_STRIP = NO;
				DEBUG_INFORMATION_FORMAT = "dwarf-with-dsym";
				ENABLE_STRICT_OBJC_MSGSEND = YES;
				GCC_C_LANGUAGE_STANDARD = gnu99;
				GCC_DYNAMIC_NO_PIC = NO;
				GCC_NO_COMMON_BLOCKS = YES;
				GCC_OPTIMIZATION_LEVEL = 0;
				GCC_PREPROCESSOR_DEFINITIONS = (
					"DEBUG=1",
					"$(inherited)",
				);
				GCC_SYMBOLS_PRIVATE_EXTERN = NO;
				GCC_WARN_64_TO_32_BIT_CONVERSION = YES;
				GCC_WARN_ABOUT_RETURN_TYPE = YES_ERROR;
				GCC_WARN_UNDECLARED_SELECTOR = YES;
				GCC_WARN_UNINITIALIZED_AUTOS = YES_AGGRESSIVE;
				GCC_WARN_UNUSED_FUNCTION = YES;
				GCC_WARN_UNUSED_VARIABLE = YES;
				IPHONEOS_DEPLOYMENT_TARGET = 8.4;
				MTL_ENABLE_DEBUG_INFO = YES;
				ONLY_ACTIVE_ARCH = YES;
				SDKROOT = iphoneos;
				SWIFT_OPTIMIZATION_LEVEL = "-Onone";
			};
			name = Debug;
		};
		7F371A661B521E1900C4869F /* Release */ = {
			isa = XCBuildConfiguration;
			buildSettings = {
				ALWAYS_SEARCH_USER_PATHS = NO;
				CLANG_CXX_LANGUAGE_STANDARD = "gnu++0x";
				CLANG_CXX_LIBRARY = "libc++";
				CLANG_ENABLE_MODULES = YES;
				CLANG_ENABLE_OBJC_ARC = YES;
				CLANG_WARN_BOOL_CONVERSION = YES;
				CLANG_WARN_CONSTANT_CONVERSION = YES;
				CLANG_WARN_DIRECT_OBJC_ISA_USAGE = YES_ERROR;
				CLANG_WARN_EMPTY_BODY = YES;
				CLANG_WARN_ENUM_CONVERSION = YES;
				CLANG_WARN_INT_CONVERSION = YES;
				CLANG_WARN_OBJC_ROOT_CLASS = YES_ERROR;
				CLANG_WARN_UNREACHABLE_CODE = YES;
				CLANG_WARN__DUPLICATE_METHOD_MATCH = YES;
				"CODE_SIGN_IDENTITY[sdk=iphoneos*]" = "iPhone Developer";
				COPY_PHASE_STRIP = NO;
				DEBUG_INFORMATION_FORMAT = "dwarf-with-dsym";
				ENABLE_NS_ASSERTIONS = NO;
				ENABLE_STRICT_OBJC_MSGSEND = YES;
				GCC_C_LANGUAGE_STANDARD = gnu99;
				GCC_NO_COMMON_BLOCKS = YES;
				GCC_WARN_64_TO_32_BIT_CONVERSION = YES;
				GCC_WARN_ABOUT_RETURN_TYPE = YES_ERROR;
				GCC_WARN_UNDECLARED_SELECTOR = YES;
				GCC_WARN_UNINITIALIZED_AUTOS = YES_AGGRESSIVE;
				GCC_WARN_UNUSED_FUNCTION = YES;
				GCC_WARN_UNUSED_VARIABLE = YES;
				IPHONEOS_DEPLOYMENT_TARGET = 8.4;
				MTL_ENABLE_DEBUG_INFO = NO;
				SDKROOT = iphoneos;
				VALIDATE_PRODUCT = YES;
			};
			name = Release;
		};
		7F371A681B521E1900C4869F /* Debug */ = {
			isa = XCBuildConfiguration;
			buildSettings = {
				ASSETCATALOG_COMPILER_APPICON_NAME = AppIcon;
				INFOPLIST_FILE = SAM/Info.plist;
				LD_RUNPATH_SEARCH_PATHS = "$(inherited) @executable_path/Frameworks";
				PRODUCT_NAME = "$(TARGET_NAME)";
			};
			name = Debug;
		};
		7F371A691B521E1900C4869F /* Release */ = {
			isa = XCBuildConfiguration;
			buildSettings = {
				ASSETCATALOG_COMPILER_APPICON_NAME = AppIcon;
				INFOPLIST_FILE = SAM/Info.plist;
				LD_RUNPATH_SEARCH_PATHS = "$(inherited) @executable_path/Frameworks";
				PRODUCT_NAME = "$(TARGET_NAME)";
			};
			name = Release;
		};
		7F371A6B1B521E1900C4869F /* Debug */ = {
			isa = XCBuildConfiguration;
			buildSettings = {
				BUNDLE_LOADER = "$(TEST_HOST)";
				FRAMEWORK_SEARCH_PATHS = (
					"$(SDKROOT)/Developer/Library/Frameworks",
					"$(inherited)",
				);
				GCC_PREPROCESSOR_DEFINITIONS = (
					"DEBUG=1",
					"$(inherited)",
				);
				INFOPLIST_FILE = SAMTests/Info.plist;
				LD_RUNPATH_SEARCH_PATHS = "$(inherited) @executable_path/Frameworks @loader_path/Frameworks";
				PRODUCT_NAME = "$(TARGET_NAME)";
				TEST_HOST = "$(BUILT_PRODUCTS_DIR)/SAM.app/SAM";
			};
			name = Debug;
		};
		7F371A6C1B521E1900C4869F /* Release */ = {
			isa = XCBuildConfiguration;
			buildSettings = {
				BUNDLE_LOADER = "$(TEST_HOST)";
				FRAMEWORK_SEARCH_PATHS = (
					"$(SDKROOT)/Developer/Library/Frameworks",
					"$(inherited)",
				);
				INFOPLIST_FILE = SAMTests/Info.plist;
				LD_RUNPATH_SEARCH_PATHS = "$(inherited) @executable_path/Frameworks @loader_path/Frameworks";
				PRODUCT_NAME = "$(TARGET_NAME)";
				TEST_HOST = "$(BUILT_PRODUCTS_DIR)/SAM.app/SAM";
			};
			name = Release;
		};
/* End XCBuildConfiguration section */

/* Begin XCConfigurationList section */
		7F371A431B521E1800C4869F /* Build configuration list for PBXProject "SAM" */ = {
			isa = XCConfigurationList;
			buildConfigurations = (
				7F371A651B521E1900C4869F /* Debug */,
				7F371A661B521E1900C4869F /* Release */,
			);
			defaultConfigurationIsVisible = 0;
			defaultConfigurationName = Release;
		};
		7F371A671B521E1900C4869F /* Build configuration list for PBXNativeTarget "SAM" */ = {
			isa = XCConfigurationList;
			buildConfigurations = (
				7F371A681B521E1900C4869F /* Debug */,
				7F371A691B521E1900C4869F /* Release */,
			);
			defaultConfigurationIsVisible = 0;
		};
		7F371A6A1B521E1900C4869F /* Build configuration list for PBXNativeTarget "SAMTests" */ = {
			isa = XCConfigurationList;
			buildConfigurations = (
				7F371A6B1B521E1900C4869F /* Debug */,
				7F371A6C1B521E1900C4869F /* Release */,
			);
			defaultConfigurationIsVisible = 0;
		};
/* End XCConfigurationList section */
	};
	rootObject = 7F371A401B521E1800C4869F /* Project object */;
}
